
Microsoft Visual Studio Solution File, Format Version 12.00
# Visual Studio Version 17
VisualStudioVersion = 17.7.34031.279
MinimumVisualStudioVersion = 10.0.40219.1
Project("{F2A71F9B-5D33-465A-A702-920D77279786}") = "l21", "l21.fsproj", "{F42EB8FD-F88D-4A0D-B1D5-BF5259EE107B}"
EndProject
Global
	GlobalSection(SolutionConfigurationPlatforms) = preSolution
		Debug|Any CPU = Debug|Any CPU
		Release|Any CPU = Release|Any CPU
	EndGlobalSection
	GlobalSection(ProjectConfigurationPlatforms) = postSolution
		{F42EB8FD-F88D-4A0D-B1D5-BF5259EE107B}.Debug|Any CPU.ActiveCfg = Debug|Any CPU
		{F42EB8FD-F88D-4A0D-B1D5-BF5259EE107B}.Debug|Any CPU.Build.0 = Debug|Any CPU
		{F42EB8FD-F88D-4A0D-B1D5-BF5259EE107B}.Release|Any CPU.ActiveCfg = Release|Any CPU
		{F42EB8FD-F88D-4A0D-B1D5-BF5259EE107B}.Release|Any CPU.Build.0 = Release|Any CPU
	EndGlobalSection
	GlobalSection(SolutionProperties) = preSolution
		HideSolutionNode = FALSE
	EndGlobalSection
	GlobalSection(ExtensibilityGlobals) = postSolution
		SolutionGuid = {38761B50-4870-4745-BF1B-36B3BEAD6241}
	EndGlobalSection
EndGlobal
